PODS:
  - DCCoreDataManager (1.0.0)
  - FBSnapshotTestCase (2.0.4):
    - FBSnapshotTestCase/SwiftSupport (= 2.0.4)
  - FBSnapshotTestCase/Core (2.0.4)
  - FBSnapshotTestCase/SwiftSupport (2.0.4):
    - FBSnapshotTestCase/Core

DEPENDENCIES:
  - DCCoreDataManager (from `../`)
  - FBSnapshotTestCase

EXTERNAL SOURCES:
  DCCoreDataManager:
    :path: "../"

SPEC CHECKSUMS:
  DCCoreDataManager: 99ce993dfb289fe7a1179eb3e4dd36f8f6771328
  FBSnapshotTestCase: d94cf34841c9e77390e29009e8e2713479d48753

COCOAPODS: 0.39.0
